{
  "name": "freemarket_sample_46b",
  "requires": true,
  "lockfileVersion": 1,
  "dependencies": {
    "bxslider": {
      "version": "4.2.14",
      "resolved": "https://registry.npmjs.org/bxslider/-/bxslider-4.2.14.tgz",
      "integrity": "sha512-7/OV7Jxe8yBS/7tOcxg2hYTPmACFMU1rRs3xqoljjFX/rSgMFVX0dzFqxZHWvUgl0+9TryNy5vhufB/499heFQ=="
    },
    "flag-icon-css": {
      "version": "3.3.0",
      "resolved": "https://registry.npmjs.org/flag-icon-css/-/flag-icon-css-3.3.0.tgz",
      "integrity": "sha512-u5lCGVExrJJRykNGd//ZrBU5Bkt0LTZJFSuG+Az/pwcHgzDeFwomwFbsgVtI1aJd6ysyHsx+5UGrA+nhSGd4yw=="
    }
  }
}
